github.com/kpango/fastime v1.1.6 h1:lAw1Tiwnlbsx1xZs6W9eM7/8niwabknewbmLkh/yTVo=
github.com/kpango/fastime v1.1.6/go.mod h1:tTNDbIo5qL6D7g5vh2YbkyUbOVP2kD/we3rSjN22PMY=
github.com/rs/xid v1.4.0 h1:qd7wPTDkN6KQx2VmMBLrpHkiyQwgFXRnkOLacUiaSNY=
github.com/rs/xid v1.4.0/go.mod h1:trrq9SKmegXys3aeAKXMUTdJsYXVwGY3RLcfgqegfbg=
