github.com/edsrzf/mmap-go v1.1.0 h1:6EUwBLQ/Mcr1EYLE4Tn1VdW1A4ckqCQWZBw8Hr0kjpQ=
github.com/edsrzf/mmap-go v1.1.0/go.mod h1:19H/e8pUPLicwkyNgOykDXkJ9F0MHE+Z52B8EIth78Q=
github.com/google/uuid v1.3.0 h1:t6JiXgmwXMjEs8VusXIJk2BXHsn+wx8BZdTaoZ5fu7I=
github.com/google/uuid v1.3.0/go.mod h1:TIyPZe4MgqvfeYDBFedMoGGpEw/LqOeaOT+nhxU+yHo=
github.com/jpillora/backoff v1.0.0 h1:uvFg412JmmHBHw7iwprIxkPMI+sGQ4kzOWsMeHnm2EA=
github.com/jpillora/backoff v1.0.0/go.mod h1:J/6gKK9jxlEcS3zixgDgUAsiuZ7yrSoa/FX5e0EB2j4=
github.com/kpango/fastime v1.1.6 h1:lAw1Tiwnlbsx1xZs6W9eM7/8niwabknewbmLkh/yTVo=
github.com/kpango/fastime v1.1.6/go.mod h1:tTNDbIo5qL6D7g5vh2YbkyUbOVP2kD/we3rSjN22PMY=
github.com/rs/xid v1.4.0 h1:qd7wPTDkN6KQx2VmMBLrpHkiyQwgFXRnkOLacUiaSNY=
github.com/rs/xid v1.4.0/go.mod h1:trrq9SKmegXys3aeAKXMUTdJsYXVwGY3RLcfgqegfbg=
github.com/webbmaffian/go-mad v0.6.0 h1:oy4ms99uVsIm3umc3dgrLq/HBRt0jWau8NnKpJgVQ8M=
github.com/webbmaffian/go-mad v0.6.0/go.mod h1:T3eI0/HvMKNiK35tfRMrnnFJGoUQj+ldxF2sK1f32hA=
github.com/webbmaffian/go-mad v0.7.0 h1:YuNvTNg0iH7p6Cd3XEectrctUcxM5nShj/Js740gE0k=
github.com/webbmaffian/go-mad v0.7.0/go.mod h1:T3eI0/HvMKNiK35tfRMrnnFJGoUQj+ldxF2sK1f32hA=
github.com/webbmaffian/go-mad v0.7.1 h1:mGXp+kywN/dAqPylAfa7li007ZFsmR+iyLv1VaujtkQ=
github.com/webbmaffian/go-mad v0.7.1/go.mod h1:T3eI0/HvMKNiK35tfRMrnnFJGoUQj+ldxF2sK1f32hA=
github.com/webbmaffian/go-mad v0.7.2 h1:aQ+X2djFCzejsQVdD71OVTRHNdLjr4Q7QMkpiyvnDC8=
github.com/webbmaffian/go-mad v0.7.2/go.mod h1:T3eI0/HvMKNiK35tfRMrnnFJGoUQj+ldxF2sK1f32hA=
golang.org/x/sys v0.0.0-20211216021012-1d35b9e2eb4e h1:fLOSk5Q00efkSvAm+4xcoXD+RRmLmmulPn5I3Y9F2EM=
golang.org/x/sys v0.0.0-20211216021012-1d35b9e2eb4e/go.mod h1:oPkhp1MJrh7nUepCBck5+mAzfO9JrbApNNgaTdGDITg=
